
Microsoft Visual Studio Solution File, Format Version 12.00
# Visual Studio Version 17
VisualStudioVersion = 17.14.36301.6 d17.14
MinimumVisualStudioVersion = 10.0.40219.1
Project("{FAE04EC0-301F-11D3-BF4B-00C04F79EFBC}") = "SmartPayMobileApp_Backend", "SmartPayMobileApp_Backend.csproj", "{63D0EC95-3B6A-46ED-82D0-C2762009F194}"
EndProject
Global
	GlobalSection(SolutionConfigurationPlatforms) = preSolution
		Debug|Any CPU = Debug|Any CPU
		Release|Any CPU = Release|Any CPU
	EndGlobalSection
	GlobalSection(ProjectConfigurationPlatforms) = postSolution
		{63D0EC95-3B6A-46ED-82D0-C2762009F194}.Debug|Any CPU.ActiveCfg = Debug|Any CPU
		{63D0EC95-3B6A-46ED-82D0-C2762009F194}.Debug|Any CPU.Build.0 = Debug|Any CPU
		{63D0EC95-3B6A-46ED-82D0-C2762009F194}.Release|Any CPU.ActiveCfg = Release|Any CPU
		{63D0EC95-3B6A-46ED-82D0-C2762009F194}.Release|Any CPU.Build.0 = Release|Any CPU
	EndGlobalSection
	GlobalSection(SolutionProperties) = preSolution
		HideSolutionNode = FALSE
	EndGlobalSection
	GlobalSection(ExtensibilityGlobals) = postSolution
		SolutionGuid = {38E09BF5-E514-47E4-933F-38D0D5E641E9}
	EndGlobalSection
EndGlobal
